
Microsoft Visual Studio Solution File, Format Version 12.00
# Visual Studio Version 17
VisualStudioVersion = 17.14.37328.6 d17.14
MinimumVisualStudioVersion = 10.0.40219.1
Project("{FAE04EC0-301F-11D3-BF4B-00C04F79EFBC}") = "chat-injector", "chat-injector.csproj", "{04091C48-C88F-FF34-1590-080249F2114E}"
EndProject
Global
	GlobalSection(SolutionConfigurationPlatforms) = preSolution
		Debug|Any CPU = Debug|Any CPU
		Debug|x64 = Debug|x64
		Release|Any CPU = Release|Any CPU
		Release|x64 = Release|x64
	EndGlobalSection
	GlobalSection(ProjectConfigurationPlatforms) = postSolution
		{04091C48-C88F-FF34-1590-080249F2114E}.Debug|Any CPU.ActiveCfg = Debug|Any CPU
		{04091C48-C88F-FF34-1590-080249F2114E}.Debug|Any CPU.Build.0 = Debug|Any CPU
		{04091C48-C88F-FF34-1590-080249F2114E}.Debug|x64.ActiveCfg = Debug|x64
		{04091C48-C88F-FF34-1590-080249F2114E}.Debug|x64.Build.0 = Debug|x64
		{04091C48-C88F-FF34-1590-080249F2114E}.Release|Any CPU.ActiveCfg = Release|Any CPU
		{04091C48-C88F-FF34-1590-080249F2114E}.Release|Any CPU.Build.0 = Release|Any CPU
		{04091C48-C88F-FF34-1590-080249F2114E}.Release|x64.ActiveCfg = Release|x64
		{04091C48-C88F-FF34-1590-080249F2114E}.Release|x64.Build.0 = Release|x64
	EndGlobalSection
	GlobalSection(SolutionProperties) = preSolution
		HideSolutionNode = FALSE
	EndGlobalSection
	GlobalSection(ExtensibilityGlobals) = postSolution
		SolutionGuid = {116542A8-C5E4-4FA4-BCBB-5FB7EB134435}
	EndGlobalSection
EndGlobal
